
Microsoft Visual Studio Solution File, Format Version 12.00
# Visual Studio Version 17
VisualStudioVersion = 17.8.34408.163
MinimumVisualStudioVersion = 10.0.40219.1
Project("{FAE04EC0-301F-11D3-BF4B-00C04F79EFBC}") = "lab6", "lab6.csproj", "{CC2F4BAE-79F2-4F1C-AB78-9D2483AABB46}"
EndProject
Global
	GlobalSection(SolutionConfigurationPlatforms) = preSolution
		Debug|Any CPU = Debug|Any CPU
		Release|Any CPU = Release|Any CPU
	EndGlobalSection
	GlobalSection(ProjectConfigurationPlatforms) = postSolution
		{CC2F4BAE-79F2-4F1C-AB78-9D2483AABB46}.Debug|Any CPU.ActiveCfg = Debug|Any CPU
		{CC2F4BAE-79F2-4F1C-AB78-9D2483AABB46}.Debug|Any CPU.Build.0 = Debug|Any CPU
		{CC2F4BAE-79F2-4F1C-AB78-9D2483AABB46}.Release|Any CPU.ActiveCfg = Release|Any CPU
		{CC2F4BAE-79F2-4F1C-AB78-9D2483AABB46}.Release|Any CPU.Build.0 = Release|Any CPU
	EndGlobalSection
	GlobalSection(SolutionProperties) = preSolution
		HideSolutionNode = FALSE
	EndGlobalSection
	GlobalSection(ExtensibilityGlobals) = postSolution
		SolutionGuid = {F8ADBF1D-FC69-43C4-A8DA-1AAA1BBD8930}
	EndGlobalSection
EndGlobal
